{
    "_readme": [
        "This file locks the dependencies of your project to a known state",
        "Read more about it at http://getcomposer.org/doc/01-basic-usage.md#composer-lock-the-lock-file",
        "This file is @generated automatically"
    ],
    "hash": "068efcc54c382460cc08737a19161d33",
    "packages": [
        {
            "name": "bepado/sdk",
            "version": "v1.6.3",
            "source": {
                "type": "git",
                "url": "https://github.com/shopware/bepado-sdk.git",
                "reference": "bc2205d48df8ca5da092ca1082e7052ae8307d53"
            },
            "dist": {
                "type": "zip",
                "url": "https://api.github.com/repos/shopware/bepado-sdk/zipball/bc2205d48df8ca5da092ca1082e7052ae8307d53",
                "reference": "bc2205d48df8ca5da092ca1082e7052ae8307d53",
                "shasum": ""
            },
            "require-dev": {
                "behat/behat": "2.4.*@stable",
                "phake/phake": "@stable",
                "phpunit/phpunit": "@stable"
            },
            "type": "library",
            "autoload": {
                "psr-0": {
                    "Bepado\\SDK": [
                        "src/main",
                        "test"
                    ]
                }
            },
            "notification-url": "https://packagist.org/downloads/",
            "license": [
                "MIT"
            ],
            "description": "The PHP Software Development Kit for Shop developers.",
            "time": "2015-01-30 13:10:01"
        }
    ],
    "packages-dev": [],
    "aliases": [],
    "minimum-stability": "stable",
    "stability-flags": [],
    "prefer-stable": false,
    "platform": [],
    "platform-dev": []
}
